// !$*UTF8*$!
{
	archiveVersion = 1;
	classes = {
	};
	objectVersion = 48;
	objects = {

/* Begin PBXBuildFile section */
		376B98A11FD9B08C00972A8B /* AppDelegate.swift in Sources */ = {isa = PBXBuildFile; fileRef = 376B98A01FD9B08C00972A8B /* AppDelegate.swift */; };
		376B98A31FD9B08C00972A8B /* ViewController.swift in Sources */ = {isa = PBXBuildFile; fileRef = 376B98A21FD9B08C00972A8B /* ViewController.swift */; };
		376B98A61FD9B08C00972A8B /* Main.storyboard in Resources */ = {isa = PBXBuildFile; fileRef = 376B98A41FD9B08C00972A8B /* Main.storyboard */; };
		376B98A81FD9B08C00972A8B /* Assets.xcassets in Resources */ = {isa = PBXBuildFile; fileRef = 376B98A71FD9B08C00972A8B /* Assets.xcassets */; };
		376B98AB1FD9B08C00972A8B /* LaunchScreen.storyboard in Resources */ = {isa = PBXBuildFile; fileRef = 376B98A91FD9B08C00972A8B /* LaunchScreen.storyboard */; };
		376B98B61FD9B08D00972A8B /* TableviewTutorialTests.swift in Sources */ = {isa = PBXBuildFile; fileRef = 376B98B51FD9B08D00972A8B /* TableviewTutorialTests.swift */; };
		376B98C11FD9B08D00972A8B /* TableviewTutorialUITests.swift in Sources */ = {isa = PBXBuildFile; fileRef = 376B98C01FD9B08D00972A8B /* TableviewTutorialUITests.swift */; };
		376B98CF1FD9B3F000972A8B /* ViewController2.swift in Sources */ = {isa = PBXBuildFile; fileRef = 376B98CE1FD9B3F000972A8B /* ViewController2.swift */; };
/* End PBXBuildFile section */

/* Begin PBXContainerItemProxy section */
		376B98B21FD9B08D00972A8B /* PBXContainerItemProxy */ = {
			isa = PBXContainerItemProxy;
			containerPortal = 376B98951FD9B08B00972A8B /* Project object */;
			proxyType = 1;
			remoteGlobalIDString = 376B989C1FD9B08B00972A8B;
			remoteInfo = TableviewTutorial;
		};
		376B98BD1FD9B08D00972A8B /* PBXContainerItemProxy */ = {
			isa = PBXContainerItemProxy;
			containerPortal = 376B98951FD9B08B00972A8B /* Project object */;
			proxyType = 1;
			remoteGlobalIDString = 376B989C1FD9B08B00972A8B;
			remoteInfo = TableviewTutorial;
		};
/* End PBXContainerItemProxy section */

/* Begin PBXFileReference section */
		376B989D1FD9B08B00972A8B /* TableviewTutorial.app */ = {isa = PBXFileReference; explicitFileType = wrapper.application; includeInIndex = 0; path = TableviewTutorial.app; sourceTree = BUILT_PRODUCTS_DIR; };
		376B98A01FD9B08C00972A8B /* AppDelegate.swift */ = {isa = PBXFileReference; lastKnownFileType = sourcecode.swift; path = AppDelegate.swift; sourceTree = "<group>"; };
		376B98A21FD9B08C00972A8B /* ViewController.swift */ = {isa = PBXFileReference; lastKnownFileType = sourcecode.swift; path = ViewController.swift; sourceTree = "<group>"; };
		376B98A51FD9B08C00972A8B /* Base */ = {isa = PBXFileReference; lastKnownFileType = file.storyboard; name = Base; path = Base.lproj/Main.storyboard; sourceTree = "<group>"; };
		376B98A71FD9B08C00972A8B /* Assets.xcassets */ = {isa = PBXFileReference; lastKnownFileType = folder.assetcatalog; path = Assets.xcassets; sourceTree = "<group>"; };
		376B98AA1FD9B08C00972A8B /* Base */ = {isa = PBXFileReference; lastKnownFileType = file.storyboard; name = Base; path = Base.lproj/LaunchScreen.storyboard; sourceTree = "<group>"; };
		376B98AC1FD9B08C00972A8B /* Info.plist */ = {isa = PBXFileReference; lastKnownFileType = text.plist.xml; path = Info.plist; sourceTree = "<group>"; };
		376B98B11FD9B08D00972A8B /* TableviewTutorialTests.xctest */ = {isa = PBXFileReference; explicitFileType = wrapper.cfbundle; includeInIndex = 0; path = TableviewTutorialTests.xctest; sourceTree = BUILT_PRODUCTS_DIR; };
		376B98B51FD9B08D00972A8B /* TableviewTutorialTests.swift */ = {isa = PBXFileReference; lastKnownFileType = sourcecode.swift; path = TableviewTutorialTests.swift; sourceTree = "<group>"; };
		376B98B71FD9B08D00972A8B /* Info.plist */ = {isa = PBXFileReference; lastKnownFileType = text.plist.xml; path = Info.plist; sourceTree = "<group>"; };
		376B98BC1FD9B08D00972A8B /* TableviewTutorialUITests.xctest */ = {isa = PBXFileReference; explicitFileType = wrapper.cfbundle; includeInIndex = 0; path = TableviewTutorialUITests.xctest; sourceTree = BUILT_PRODUCTS_DIR; };
		376B98C01FD9B08D00972A8B /* TableviewTutorialUITests.swift */ = {isa = PBXFileReference; lastKnownFileType = sourcecode.swift; path = TableviewTutorialUITests.swift; sourceTree = "<group>"; };
		376B98C21FD9B08D00972A8B /* Info.plist */ = {isa = PBXFileReference; lastKnownFileType = text.plist.xml; path = Info.plist; sourceTree = "<group>"; };
		376B98CE1FD9B3F000972A8B /* ViewController2.swift */ = {isa = PBXFileReference; lastKnownFileType = sourcecode.swift; path = ViewController2.swift; sourceTree = "<group>"; };
/* End PBXFileReference section */

/* Begin PBXFrameworksBuildPhase section */
		376B989A1FD9B08B00972A8B /* Frameworks */ = {
			isa = PBXFrameworksBuildPhase;
			buildActionMask = 2147483647;
			files = (
			);
			runOnlyForDeploymentPostprocessing = 0;
		};
		376B98AE1FD9B08D00972A8B /* Frameworks */ = {
			isa = PBXFrameworksBuildPhase;
			buildActionMask = 2147483647;
			files = (
			);
			runOnlyForDeploymentPostprocessing = 0;
		};
		376B98B91FD9B08D00972A8B /* Frameworks */ = {
			isa = PBXFrameworksBuildPhase;
			buildActionMask = 2147483647;
			files = (
			);
			runOnlyForDeploymentPostprocessing = 0;
		};
/* End PBXFrameworksBuildPhase section */

/* Begin PBXGroup section */
		376B98941FD9B08B00972A8B = {
			isa = PBXGroup;
			children = (
				376B989F1FD9B08B00972A8B /* TableviewTutorial */,
				376B98B41FD9B08D00972A8B /* TableviewTutorialTests */,
				376B98BF1FD9B08D00972A8B /* TableviewTutorialUITests */,
				376B989E1FD9B08B00972A8B /* Products */,
			);
			sourceTree = "<group>";
		};
		376B989E1FD9B08B00972A8B /* Products */ = {
			isa = PBXGroup;
			children = (
				376B989D1FD9B08B00972A8B /* TableviewTutorial.app */,
				376B98B11FD9B08D00972A8B /* TableviewTutorialTests.xctest */,
				376B98BC1FD9B08D00972A8B /* TableviewTutorialUITests.xctest */,
			);
			name = Products;
			sourceTree = "<group>";
		};
		376B989F1FD9B08B00972A8B /* TableviewTutorial */ = {
			isa = PBXGroup;
			children = (
				376B98A01FD9B08C00972A8B /* AppDelegate.swift */,
				376B98A21FD9B08C00972A8B /* ViewController.swift */,
				376B98CE1FD9B3F000972A8B /* ViewController2.swift */,
				376B98A41FD9B08C00972A8B /* Main.storyboard */,
				376B98A71FD9B08C00972A8B /* Assets.xcassets */,
				376B98A91FD9B08C00972A8B /* LaunchScreen.storyboard */,
				376B98AC1FD9B08C00972A8B /* Info.plist */,
			);
			path = TableviewTutorial;
			sourceTree = "<group>";
		};
		376B98B41FD9B08D00972A8B /* TableviewTutorialTests */ = {
			isa = PBXGroup;
			children = (
				376B98B51FD9B08D00972A8B /* TableviewTutorialTests.swift */,
				376B98B71FD9B08D00972A8B /* Info.plist */,
			);
			path = TableviewTutorialTests;
			sourceTree = "<group>";
		};
		376B98BF1FD9B08D00972A8B /* TableviewTutorialUITests */ = {
			isa = PBXGroup;
			children = (
				376B98C01FD9B08D00972A8B /* TableviewTutorialUITests.swift */,
				376B98C21FD9B08D00972A8B /* Info.plist */,
			);
			path = TableviewTutorialUITests;
			sourceTree = "<group>";
		};
/* End PBXGroup section */

/* Begin PBXNativeTarget section */
		376B989C1FD9B08B00972A8B /* TableviewTutorial */ = {
			isa = PBXNativeTarget;
			buildConfigurationList = 376B98C51FD9B08D00972A8B /* Build configuration list for PBXNativeTarget "TableviewTutorial" */;
			buildPhases = (
				376B98991FD9B08B00972A8B /* Sources */,
				376B989A1FD9B08B00972A8B /* Frameworks */,
				376B989B1FD9B08B00972A8B /* Resources */,
			);
			buildRules = (
			);
			dependencies = (
			);
			name = TableviewTutorial;
			productName = TableviewTutorial;
			productReference = 376B989D1FD9B08B00972A8B /* TableviewTutorial.app */;
			productType = "com.apple.product-type.application";
		};
		376B98B01FD9B08D00972A8B /* TableviewTutorialTests */ = {
			isa = PBXNativeTarget;
			buildConfigurationList = 376B98C81FD9B08D00972A8B /* Build configuration list for PBXNativeTarget "TableviewTutorialTests" */;
			buildPhases = (
				376B98AD1FD9B08D00972A8B /* Sources */,
				376B98AE1FD9B08D00972A8B /* Frameworks */,
				376B98AF1FD9B08D00972A8B /* Resources */,
			);
			buildRules = (
			);
			dependencies = (
				376B98B31FD9B08D00972A8B /* PBXTargetDependency */,
			);
			name = TableviewTutorialTests;
			productName = TableviewTutorialTests;
			productReference = 376B98B11FD9B08D00972A8B /* TableviewTutorialTests.xctest */;
			productType = "com.apple.product-type.bundle.unit-test";
		};
		376B98BB1FD9B08D00972A8B /* TableviewTutorialUITests */ = {
			isa = PBXNativeTarget;
			buildConfigurationList = 376B98CB1FD9B08D00972A8B /* Build configuration list for PBXNativeTarget "TableviewTutorialUITests" */;
			buildPhases = (
				376B98B81FD9B08D00972A8B /* Sources */,
				376B98B91FD9B08D00972A8B /* Frameworks */,
				376B98BA1FD9B08D00972A8B /* Resources */,
			);
			buildRules = (
			);
			dependencies = (
				376B98BE1FD9B08D00972A8B /* PBXTargetDependency */,
			);
			name = TableviewTutorialUITests;
			productName = TableviewTutorialUITests;
			productReference = 376B98BC1FD9B08D00972A8B /* TableviewTutorialUITests.xctest */;
			productType = "com.apple.product-type.bundle.ui-testing";
		};
/* End PBXNativeTarget section */

/* Begin PBXProject section */
		376B98951FD9B08B00972A8B /* Project object */ = {
			isa = PBXProject;
			attributes = {
				LastSwiftUpdateCheck = 0920;
				LastUpgradeCheck = 0920;
				ORGANIZATIONNAME = "Adem MAMA";
				TargetAttributes = {
					376B989C1FD9B08B00972A8B = {
						CreatedOnToolsVersion = 9.2;
						ProvisioningStyle = Automatic;
					};
					376B98B01FD9B08D00972A8B = {
						CreatedOnToolsVersion = 9.2;
						ProvisioningStyle = Automatic;
						TestTargetID = 376B989C1FD9B08B00972A8B;
					};
					376B98BB1FD9B08D00972A8B = {
						CreatedOnToolsVersion = 9.2;
						ProvisioningStyle = Automatic;
						TestTargetID = 376B989C1FD9B08B00972A8B;
					};
				};
			};
			buildConfigurationList = 376B98981FD9B08B00972A8B /* Build configuration list for PBXProject "TableviewTutorial" */;
			compatibilityVersion = "Xcode 8.0";
			developmentRegion = en;
			hasScannedForEncodings = 0;
			knownRegions = (
				en,
				Base,
			);
			mainGroup = 376B98941FD9B08B00972A8B;
			productRefGroup = 376B989E1FD9B08B00972A8B /* Products */;
			projectDirPath = "";
			projectRoot = "";
			targets = (
				376B989C1FD9B08B00972A8B /* TableviewTutorial */,
				376B98B01FD9B08D00972A8B /* TableviewTutorialTests */,
				376B98BB1FD9B08D00972A8B /* TableviewTutorialUITests */,
			);
		};
/* End PBXProject section */

/* Begin PBXResourcesBuildPhase section */
		376B989B1FD9B08B00972A8B /* Resources */ = {
			isa = PBXResourcesBuildPhase;
			buildActionMask = 2147483647;
			files = (
				376B98AB1FD9B08C00972A8B /* LaunchScreen.storyboard in Resources */,
				376B98A81FD9B08C00972A8B /* Assets.xcassets in Resources */,
				376B98A61FD9B08C00972A8B /* Main.storyboard in Resources */,
			);
			runOnlyForDeploymentPostprocessing = 0;
		};
		376B98AF1FD9B08D00972A8B /* Resources */ = {
			isa = PBXResourcesBuildPhase;
			buildActionMask = 2147483647;
			files = (
			);
			runOnlyForDeploymentPostprocessing = 0;
		};
		376B98BA1FD9B08D00972A8B /* Resources */ = {
			isa = PBXResourcesBuildPhase;
			buildActionMask = 2147483647;
			files = (
			);
			runOnlyForDeploymentPostprocessing = 0;
		};
/* End PBXResourcesBuildPhase section */

/* Begin PBXSourcesBuildPhase section */
		376B98991FD9B08B00972A8B /* Sources */ = {
			isa = PBXSourcesBuildPhase;
			buildActionMask = 2147483647;
			files = (
				376B98A31FD9B08C00972A8B /* ViewController.swift in Sources */,
				376B98A11FD9B08C00972A8B /* AppDelegate.swift in Sources */,
				376B98CF1FD9B3F000972A8B /* ViewController2.swift in Sources */,
			);
			runOnlyForDeploymentPostprocessing = 0;
		};
		376B98AD1FD9B08D00972A8B /* Sources */ = {
			isa = PBXSourcesBuildPhase;
			buildActionMask = 2147483647;
			files = (
				376B98B61FD9B08D00972A8B /* TableviewTutorialTests.swift in Sources */,
			);
			runOnlyForDeploymentPostprocessing = 0;
		};
		376B98B81FD9B08D00972A8B /* Sources */ = {
			isa = PBXSourcesBuildPhase;
			buildActionMask = 2147483647;
			files = (
				376B98C11FD9B08D00972A8B /* TableviewTutorialUITests.swift in Sources */,
			);
			runOnlyForDeploymentPostprocessing = 0;
		};
/* End PBXSourcesBuildPhase section */

/* Begin PBXTargetDependency section */
		376B98B31FD9B08D00972A8B /* PBXTargetDependency */ = {
			isa = PBXTargetDependency;
			target = 376B989C1FD9B08B00972A8B /* TableviewTutorial */;
			targetProxy = 376B98B21FD9B08D00972A8B /* PBXContainerItemProxy */;
		};
		376B98BE1FD9B08D00972A8B /* PBXTargetDependency */ = {
			isa = PBXTargetDependency;
			target = 376B989C1FD9B08B00972A8B /* TableviewTutorial */;
			targetProxy = 376B98BD1FD9B08D00972A8B /* PBXContainerItemProxy */;
		};
/* End PBXTargetDependency section */

/* Begin PBXVariantGroup section */
		376B98A41FD9B08C00972A8B /* Main.storyboard */ = {
			isa = PBXVariantGroup;
			children = (
				376B98A51FD9B08C00972A8B /* Base */,
			);
			name = Main.storyboard;
			sourceTree = "<group>";
		};
		376B98A91FD9B08C00972A8B /* LaunchScreen.storyboard */ = {
			isa = PBXVariantGroup;
			children = (
				376B98AA1FD9B08C00972A8B /* Base */,
			);
			name = LaunchScreen.storyboard;
			sourceTree = "<group>";
		};
/* End PBXVariantGroup section */

/* Begin XCBuildConfiguration section */
		376B98C31FD9B08D00972A8B /* Debug */ = {
			isa = XCBuildConfiguration;
			buildSettings = {
				ALWAYS_SEARCH_USER_PATHS = NO;
				CLANG_ANALYZER_NONNULL = YES;
				CLANG_ANALYZER_NUMBER_OBJECT_CONVERSION = YES_AGGRESSIVE;
				CLANG_CXX_LANGUAGE_STANDARD = "gnu++14";
				CLANG_CXX_LIBRARY = "libc++";
				CLANG_ENABLE_MODULES = YES;
				CLANG_ENABLE_OBJC_ARC = YES;
				CLANG_WARN_BLOCK_CAPTURE_AUTORELEASING = YES;
				CLANG_WARN_BOOL_CONVERSION = YES;
				CLANG_WARN_COMMA = YES;
				CLANG_WARN_CONSTANT_CONVERSION = YES;
				CLANG_WARN_DIRECT_OBJC_ISA_USAGE = YES_ERROR;
				CLANG_WARN_DOCUMENTATION_COMMENTS = YES;
				CLANG_WARN_EMPTY_BODY = YES;
				CLANG_WARN_ENUM_CONVERSION = YES;
				CLANG_WARN_INFINITE_RECURSION = YES;
				CLANG_WARN_INT_CONVERSION = YES;
				CLANG_WARN_NON_LITERAL_NULL_CONVERSION = YES;
				CLANG_WARN_OBJC_LITERAL_CONVERSION = YES;
				CLANG_WARN_OBJC_ROOT_CLASS = YES_ERROR;
				CLANG_WARN_RANGE_LOOP_ANALYSIS = YES;
				CLANG_WARN_STRICT_PROTOTYPES = YES;
				CLANG_WARN_SUSPICIOUS_MOVE = YES;
				CLANG_WARN_UNGUARDED_AVAILABILITY = YES_AGGRESSIVE;
				CLANG_WARN_UNREACHABLE_CODE = YES;
				CLANG_WARN__DUPLICATE_METHOD_MATCH = YES;
				CODE_SIGN_IDENTITY = "iPhone Developer";
				COPY_PHASE_STRIP = NO;
				DEBUG_INFORMATION_FORMAT = dwarf;
				ENABLE_STRICT_OBJC_MSGSEND = YES;
				ENABLE_TESTABILITY = YES;
				GCC_C_LANGUAGE_STANDARD = gnu11;
				GCC_DYNAMIC_NO_PIC = NO;
				GCC_NO_COMMON_BLOCKS = YES;
				GCC_OPTIMIZATION_LEVEL = 0;
				GCC_PREPROCESSOR_DEFINITIONS = (
					"DEBUG=1",
					"$(inherited)",
				);
				GCC_WARN_64_TO_32_BIT_CONVERSION = YES;
				GCC_WARN_ABOUT_RETURN_TYPE = YES_ERROR;
				GCC_WARN_UNDECLARED_SELECTOR = YES;
				GCC_WARN_UNINITIALIZED_AUTOS = YES_AGGRESSIVE;
				GCC_WARN_UNUSED_FUNCTION = YES;
				GCC_WARN_UNUSED_VARIABLE = YES;
				IPHONEOS_DEPLOYMENT_TARGET = 11.2;
				MTL_ENABLE_DEBUG_INFO = YES;
				ONLY_ACTIVE_ARCH = YES;
				SDKROOT = iphoneos;
				SWIFT_ACTIVE_COMPILATION_CONDITIONS = DEBUG;
				SWIFT_OPTIMIZATION_LEVEL = "-Onone";
			};
			name = Debug;
		};
		376B98C41FD9B08D00972A8B /* Release */ = {
			isa = XCBuildConfiguration;
			buildSettings = {
				ALWAYS_SEARCH_USER_PATHS = NO;
				CLANG_ANALYZER_NONNULL = YES;
				CLANG_ANALYZER_NUMBER_OBJECT_CONVERSION = YES_AGGRESSIVE;
				CLANG_CXX_LANGUAGE_STANDARD = "gnu++14";
				CLANG_CXX_LIBRARY = "libc++";
				CLANG_ENABLE_MODULES = YES;
				CLANG_ENABLE_OBJC_ARC = YES;
				CLANG_WARN_BLOCK_CAPTURE_AUTORELEASING = YES;
				CLANG_WARN_BOOL_CONVERSION = YES;
				CLANG_WARN_COMMA = YES;
				CLANG_WARN_CONSTANT_CONVERSION = YES;
				CLANG_WARN_DIRECT_OBJC_ISA_USAGE = YES_ERROR;
				CLANG_WARN_DOCUMENTATION_COMMENTS = YES;
				CLANG_WARN_EMPTY_BODY = YES;
				CLANG_WARN_ENUM_CONVERSION = YES;
				CLANG_WARN_INFINITE_RECURSION = YES;
				CLANG_WARN_INT_CONVERSION = YES;
				CLANG_WARN_NON_LITERAL_NULL_CONVERSION = YES;
				CLANG_WARN_OBJC_LITERAL_CONVERSION = YES;
				CLANG_WARN_OBJC_ROOT_CLASS = YES_ERROR;
				CLANG_WARN_RANGE_LOOP_ANALYSIS = YES;
				CLANG_WARN_STRICT_PROTOTYPES = YES;
				CLANG_WARN_SUSPICIOUS_MOVE = YES;
				CLANG_WARN_UNGUARDED_AVAILABILITY = YES_AGGRESSIVE;
				CLANG_WARN_UNREACHABLE_CODE = YES;
				CLANG_WARN__DUPLICATE_METHOD_MATCH = YES;
				CODE_SIGN_IDENTITY = "iPhone Developer";
				COPY_PHASE_STRIP = NO;
				DEBUG_INFORMATION_FORMAT = "dwarf-with-dsym";
				ENABLE_NS_ASSERTIONS = NO;
				ENABLE_STRICT_OBJC_MSGSEND = YES;
				GCC_C_LANGUAGE_STANDARD = gnu11;
				GCC_NO_COMMON_BLOCKS = YES;
				GCC_WARN_64_TO_32_BIT_CONVERSION = YES;
				GCC_WARN_ABOUT_RETURN_TYPE = YES_ERROR;
				GCC_WARN_UNDECLARED_SELECTOR = YES;
				GCC_WARN_UNINITIALIZED_AUTOS = YES_AGGRESSIVE;
				GCC_WARN_UNUSED_FUNCTION = YES;
				GCC_WARN_UNUSED_VARIABLE = YES;
				IPHONEOS_DEPLOYMENT_TARGET = 11.2;
				MTL_ENABLE_DEBUG_INFO = NO;
				SDKROOT = iphoneos;
				SWIFT_OPTIMIZATION_LEVEL = "-Owholemodule";
				VALIDATE_PRODUCT = YES;
			};
			name = Release;
		};
		376B98C61FD9B08D00972A8B /* Debug */ = {
			isa = XCBuildConfiguration;
			buildSettings = {
				ASSETCATALOG_COMPILER_APPICON_NAME = AppIcon;
				CODE_SIGN_STYLE = Automatic;
				DEVELOPMENT_TEAM = 35DBZ2YN9Y;
				INFOPLIST_FILE = TableviewTutorial/Info.plist;
				LD_RUNPATH_SEARCH_PATHS = "$(inherited) @executable_path/Frameworks";
				PRODUCT_BUNDLE_IDENTIFIER = com.amama15.TableviewTutorial;
				PRODUCT_NAME = "$(TARGET_NAME)";
				SWIFT_VERSION = 4.0;
				TARGETED_DEVICE_FAMILY = "1,2";
			};
			name = Debug;
		};
		376B98C71FD9B08D00972A8B /* Release */ = {
			isa = XCBuildConfiguration;
			buildSettings = {
				ASSETCATALOG_COMPILER_APPICON_NAME = AppIcon;
				CODE_SIGN_STYLE = Automatic;
				DEVELOPMENT_TEAM = 35DBZ2YN9Y;
				INFOPLIST_FILE = TableviewTutorial/Info.plist;
				LD_RUNPATH_SEARCH_PATHS = "$(inherited) @executable_path/Frameworks";
				PRODUCT_BUNDLE_IDENTIFIER = com.amama15.TableviewTutorial;
				PRODUCT_NAME = "$(TARGET_NAME)";
				SWIFT_VERSION = 4.0;
				TARGETED_DEVICE_FAMILY = "1,2";
			};
			name = Release;
		};
		376B98C91FD9B08D00972A8B /* Debug */ = {
			isa = XCBuildConfiguration;
			buildSettings = {
				ALWAYS_EMBED_SWIFT_STANDARD_LIBRARIES = YES;
				BUNDLE_LOADER = "$(TEST_HOST)";
				CODE_SIGN_STYLE = Automatic;
				DEVELOPMENT_TEAM = 35DBZ2YN9Y;
				INFOPLIST_FILE = TableviewTutorialTests/Info.plist;
				LD_RUNPATH_SEARCH_PATHS = "$(inherited) @executable_path/Frameworks @loader_path/Frameworks";
				PRODUCT_BUNDLE_IDENTIFIER = com.amama15.TableviewTutorialTests;
				PRODUCT_NAME = "$(TARGET_NAME)";
				SWIFT_VERSION = 4.0;
				TARGETED_DEVICE_FAMILY = "1,2";
				TEST_HOST = "$(BUILT_PRODUCTS_DIR)/TableviewTutorial.app/TableviewTutorial";
			};
			name = Debug;
		};
		376B98CA1FD9B08D00972A8B /* Release */ = {
			isa = XCBuildConfiguration;
			buildSettings = {
				ALWAYS_EMBED_SWIFT_STANDARD_LIBRARIES = YES;
				BUNDLE_LOADER = "$(TEST_HOST)";
				CODE_SIGN_STYLE = Automatic;
				DEVELOPMENT_TEAM = 35DBZ2YN9Y;
				INFOPLIST_FILE = TableviewTutorialTests/Info.plist;
				LD_RUNPATH_SEARCH_PATHS = "$(inherited) @executable_path/Frameworks @loader_path/Frameworks";
				PRODUCT_BUNDLE_IDENTIFIER = com.amama15.TableviewTutorialTests;
				PRODUCT_NAME = "$(TARGET_NAME)";
				SWIFT_VERSION = 4.0;
				TARGETED_DEVICE_FAMILY = "1,2";
				TEST_HOST = "$(BUILT_PRODUCTS_DIR)/TableviewTutorial.app/TableviewTutorial";
			};
			name = Release;
		};
		376B98CC1FD9B08D00972A8B /* Debug */ = {
			isa = XCBuildConfiguration;
			buildSettings = {
				ALWAYS_EMBED_SWIFT_STANDARD_LIBRARIES = YES;
				CODE_SIGN_STYLE = Automatic;
				DEVELOPMENT_TEAM = 35DBZ2YN9Y;
				INFOPLIST_FILE = TableviewTutorialUITests/Info.plist;
				LD_RUNPATH_SEARCH_PATHS = "$(inherited) @executable_path/Frameworks @loader_path/Frameworks";
				PRODUCT_BUNDLE_IDENTIFIER = com.amama15.TableviewTutorialUITests;
				PRODUCT_NAME = "$(TARGET_NAME)";
				SWIFT_VERSION = 4.0;
				TARGETED_DEVICE_FAMILY = "1,2";
				TEST_TARGET_NAME = TableviewTutorial;
			};
			name = Debug;
		};
		376B98CD1FD9B08D00972A8B /* Release */ = {
			isa = XCBuildConfiguration;
			buildSettings = {
				ALWAYS_EMBED_SWIFT_STANDARD_LIBRARIES = YES;
				CODE_SIGN_STYLE = Automatic;
				DEVELOPMENT_TEAM = 35DBZ2YN9Y;
				INFOPLIST_FILE = TableviewTutorialUITests/Info.plist;
				LD_RUNPATH_SEARCH_PATHS = "$(inherited) @executable_path/Frameworks @loader_path/Frameworks";
				PRODUCT_BUNDLE_IDENTIFIER = com.amama15.TableviewTutorialUITests;
				PRODUCT_NAME = "$(TARGET_NAME)";
				SWIFT_VERSION = 4.0;
				TARGETED_DEVICE_FAMILY = "1,2";
				TEST_TARGET_NAME = TableviewTutorial;
			};
			name = Release;
		};
/* End XCBuildConfiguration section */

/* Begin XCConfigurationList section */
		376B98981FD9B08B00972A8B /* Build configuration list for PBXProject "TableviewTutorial" */ = {
			isa = XCConfigurationList;
			buildConfigurations = (
				376B98C31FD9B08D00972A8B /* Debug */,
				376B98C41FD9B08D00972A8B /* Release */,
			);
			defaultConfigurationIsVisible = 0;
			defaultConfigurationName = Release;
		};
		376B98C51FD9B08D00972A8B /* Build configuration list for PBXNativeTarget "TableviewTutorial" */ = {
			isa = XCConfigurationList;
			buildConfigurations = (
				376B98C61FD9B08D00972A8B /* Debug */,
				376B98C71FD9B08D00972A8B /* Release */,
			);
			defaultConfigurationIsVisible = 0;
			defaultConfigurationName = Release;
		};
		376B98C81FD9B08D00972A8B /* Build configuration list for PBXNativeTarget "TableviewTutorialTests" */ = {
			isa = XCConfigurationList;
			buildConfigurations = (
				376B98C91FD9B08D00972A8B /* Debug */,
				376B98CA1FD9B08D00972A8B /* Release */,
			);
			defaultConfigurationIsVisible = 0;
			defaultConfigurationName = Release;
		};
		376B98CB1FD9B08D00972A8B /* Build configuration list for PBXNativeTarget "TableviewTutorialUITests" */ = {
			isa = XCConfigurationList;
			buildConfigurations = (
				376B98CC1FD9B08D00972A8B /* Debug */,
				376B98CD1FD9B08D00972A8B /* Release */,
			);
			defaultConfigurationIsVisible = 0;
			defaultConfigurationName = Release;
		};
/* End XCConfigurationList section */
	};
	rootObject = 376B98951FD9B08B00972A8B /* Project object */;
}
